{
  "name": "learning-js",
  "lockfileVersion": 3,
  "requires": true,
  "packages": {
    "": {
      "dependencies": {
        "version": "^0.1.2",
        "fs": "^0.0.1-security",
        "fs-extra": "^11.2.0"
      }
    },
    "node_modules/fs": {
      "version": "0.0.1-security",
      "resolved": "https://registry.npmjs.org/fs/-/fs-0.0.1-security.tgz",
      "integrity": "sha512-3XY9e1pP0CVEUCdj5BmfIZxRBTSDycnbqhIOGec9QYtmVH2fbLpj86CFWkrNOkt/Fvty4KZG5lTglL9j/gJ87w=="
    },
    "node_modules/fs-extra": {
      "version": "11.2.0",
      "resolved": "https://registry.npmjs.org/fs-extra/-/fs-extra-11.2.0.tgz",
      "integrity": "sha512-PmDi3uwK5nFuXh7XDTlVnS17xJS7vW36is2+w3xcv8SVxiB4NyATf4ctkVY5bkSjX0Y4nbvZCq1/EjtEyr9ktw==",
      "dependencies": {
        "graceful-fs": "^4.2.0",
        "jsonfile": "^6.0.1",
        "universalify": "^2.0.0"
      },
      "engines": {
        "node": ">=14.14"
      }
    },
    "node_modules/graceful-fs": {
      "version": "4.2.11",
      "resolved": "https://registry.npmjs.org/graceful-fs/-/graceful-fs-4.2.11.tgz",
      "integrity": "sha512-RbJ5/jmFcNNCcDV5o9eTnBLJ/HszWV0P73bc+Ff4nS/rJj+YaS6IGyiOL0VoBYX+l1Wrl3k63h/KrH+nhJ0XvQ=="
    },
    "node_modules/jsonfile": {
      "version": "6.1.0",
      "resolved": "https://registry.npmjs.org/jsonfile/-/jsonfile-6.1.0.tgz",
      "integrity": "sha512-5dgndWOriYSm5cnYaJNhalLNDKOqFwyDB/rr1E9ZsGciGvKPs8R2xYGCacuf3z6K1YKDz182fd+fY3cn3pMqXQ==",
      "dependencies": {
        "universalify": "^2.0.0"
      },
      "optionalDependencies": {
        "graceful-fs": "^4.1.6"
      }
    },
    "node_modules/request": {
      "version": "2.12.0",
      "resolved": "https://registry.npmjs.org/request/-/request-2.12.0.tgz",
      "integrity": "sha512-GcOI9NyUw2lRke4kdbrjQFxu+cLugShENHvcb9QCSLLc/yH3lP7I/7RESxVbYS+AxC/r9rwzks52MRHVoZdb5w==",
      "bundleDependencies": [
        "form-data",
        "mime"
      ],
      "deprecated": "request has been deprecated, see https://github.com/request/request/issues/3142",
      "engines": [
        "node >= 0.3.6"
      ],
      "dependencies": {
        "form-data": "~0.0.3",
        "mime": "~1.2.7"
      }
    },
    "node_modules/request/node_modules/form-data": {
      "version": "0.0.3",
      "inBundle": true,
      "dependencies": {
        "async": "~0.1.9",
        "combined-stream": "0.0.3",
        "mime": "~1.2.2"
      },
      "engines": {
        "node": "*"
      }
    },
    "node_modules/request/node_modules/form-data/node_modules/async": {
      "version": "0.1.9",
      "inBundle": true,
      "engines": {
        "node": "*"
      }
    },
    "node_modules/request/node_modules/form-data/node_modules/combined-stream": {
      "version": "0.0.3",
      "inBundle": true,
      "dependencies": {
        "delayed-stream": "0.0.5"
      },
      "engines": {
        "node": "*"
      }
    },
    "node_modules/request/node_modules/form-data/node_modules/combined-stream/node_modules/delayed-stream": {
      "version": "0.0.5",
      "inBundle": true,
      "engines": {
        "node": ">=0.4.0"
      }
    },
    "node_modules/request/node_modules/mime": {
      "version": "1.2.7",
      "inBundle": true,
      "engines": {
        "node": "*"
      }
    },
    "node_modules/universalify": {
      "version": "2.0.1",
      "resolved": "https://registry.npmjs.org/universalify/-/universalify-2.0.1.tgz",
      "integrity": "sha512-gptHNQghINnc/vTGIk0SOFGFNXw7JVrlRUtConJRlvaw6DuX0wO5Jeko9sWrMBhh+PsYAZ7oXAiOnf/UKogyiw==",
      "engines": {
        "node": ">= 10.0.0"
      }
    },
    "node_modules/version": {
      "version": "0.1.2",
      "resolved": "https://registry.npmjs.org/version/-/version-0.1.2.tgz",
      "integrity": "sha512-pU32BxnlMpDnyR8SsRR8amiAmhBZQdTevjYFAMZ9W3eT2wWIJzfjKOH39O1eiCAW4brhyaXe3NpZNFpBAJR56Q==",
      "dependencies": {
        "request": "2.12.0"
      },
      "engines": {
        "node": ">= 0.8.0"
      }
    }
  }
}
